github.com/hanwen/go-fuse v1.0.0/go.mod h1:unqXarDXqzAk0rt98O2tVndEPIpUgLD9+rwFisZH3Ok=
github.com/hanwen/go-fuse/v2 v2.1.0 h1:+32ffteETaLYClUj0a3aHjZ1hOPxxaNEHiZiujuDaek=
github.com/hanwen/go-fuse/v2 v2.1.0/go.mod h1:oRyA5eK+pvJyv5otpO/DgccS8y/RvYMaO00GgRLGryc=
github.com/kylelemons/godebug v0.0.0-20170820004349-d65d576e9348 h1:MtvEpTB6LX3vkb4ax0b5D2DHbNAUsen0Gx5wZoq3lV4=
github.com/kylelemons/godebug v0.0.0-20170820004349-d65d576e9348/go.mod h1:B69LEHPfb2qLo0BaaOLcbitczOKLWTsrBG9LczfCD4k=
golang.org/x/sync v0.0.0-20201207232520-09787c993a3a/go.mod h1:RxMgew5VJxzue5/jJTE5uejpjVlOe/izrB70Jof72aM=
golang.org/x/sys v0.0.0-20180830151530-49385e6e1522/go.mod h1:STP8DvDyc/dI5b8T5hshtkjS+E42TnysNCUPdjciGhY=
golang.org/x/sys v0.0.0-20211205182925-97ca703d548d h1:FjkYO/PPp4Wi0EAUOVLxePm7qVW4r4ctbWpURyuOD0E=
golang.org/x/sys v0.0.0-20211205182925-97ca703d548d/go.mod h1:oPkhp1MJrh7nUepCBck5+mAzfO9JrbApNNgaTdGDITg=
golang.org/x/term v0.0.0-20210927222741-03fcf44c2211 h1:JGgROgKl9N8DuW20oFS5gxc+lE67/N3FcwmBPMe7ArY=
golang.org/x/term v0.0.0-20210927222741-03fcf44c2211/go.mod h1:jbD1KX2456YbFQfuXm/mYQcufACuNUgVhRMnK/tPxf8=
